// !$*UTF8*$!
{
	archiveVersion = 1;
	classes = {
	};
	objectVersion = 48;
	objects = {

/* Begin PBXBuildFile section */
		46009D561F76F86200BDFEB6 /* FirebaseCore.framework in Frameworks */ = {isa = PBXBuildFile; fileRef = 46009D551F76F86200BDFEB6 /* FirebaseCore.framework */; };
		46009D5D1F77019E00BDFEB6 /* StoryStruct.swift in Sources */ = {isa = PBXBuildFile; fileRef = 46009D5C1F77019E00BDFEB6 /* StoryStruct.swift */; };
		46009D5F1F7765C600BDFEB6 /* NewsTableViewCell.swift in Sources */ = {isa = PBXBuildFile; fileRef = 46009D5E1F7765C600BDFEB6 /* NewsTableViewCell.swift */; };
		464DF8F11F779D6500197EF6 /* NewsDetailViewController.swift in Sources */ = {isa = PBXBuildFile; fileRef = 464DF8F01F779D6500197EF6 /* NewsDetailViewController.swift */; };
		464DF8F31F77B78F00197EF6 /* HackerNewsStoryComments.swift in Sources */ = {isa = PBXBuildFile; fileRef = 464DF8F21F77B78E00197EF6 /* HackerNewsStoryComments.swift */; };
		464DF8F51F77BAFB00197EF6 /* CommentsTableViewCell.swift in Sources */ = {isa = PBXBuildFile; fileRef = 464DF8F41F77BAFB00197EF6 /* CommentsTableViewCell.swift */; };
		464DF8F71F77BF6D00197EF6 /* DateExtension.swift in Sources */ = {isa = PBXBuildFile; fileRef = 464DF8F61F77BF6D00197EF6 /* DateExtension.swift */; };
		4688C5D31F76D7E700FED012 /* GoogleSignIn.bundle in Resources */ = {isa = PBXBuildFile; fileRef = 4688C5D21F76D7D500FED012 /* GoogleSignIn.bundle */; };
		4688C5D71F76D87000FED012 /* HackerNewsStories.swift in Sources */ = {isa = PBXBuildFile; fileRef = 4688C5D61F76D87000FED012 /* HackerNewsStories.swift */; };
		469FA1A81F7683B700E5B18E /* AppDelegate.swift in Sources */ = {isa = PBXBuildFile; fileRef = 469FA1A71F7683B700E5B18E /* AppDelegate.swift */; };
		469FA1AF1F7683B700E5B18E /* Main.storyboard in Resources */ = {isa = PBXBuildFile; fileRef = 469FA1AD1F7683B700E5B18E /* Main.storyboard */; };
		469FA1B11F7683B700E5B18E /* Assets.xcassets in Resources */ = {isa = PBXBuildFile; fileRef = 469FA1B01F7683B700E5B18E /* Assets.xcassets */; };
		469FA1B41F7683B700E5B18E /* LaunchScreen.storyboard in Resources */ = {isa = PBXBuildFile; fileRef = 469FA1B21F7683B700E5B18E /* LaunchScreen.storyboard */; };
		469FA1BF1F7683B700E5B18E /* HackerNewsAppTests.swift in Sources */ = {isa = PBXBuildFile; fileRef = 469FA1BE1F7683B700E5B18E /* HackerNewsAppTests.swift */; };
		469FA1CA1F7683B800E5B18E /* HackerNewsAppUITests.swift in Sources */ = {isa = PBXBuildFile; fileRef = 469FA1C91F7683B800E5B18E /* HackerNewsAppUITests.swift */; };
		469FA1DE1F7696FB00E5B18E /* LoginViewController.swift in Sources */ = {isa = PBXBuildFile; fileRef = 469FA1DD1F7696FB00E5B18E /* LoginViewController.swift */; };
		469FA1E01F76970C00E5B18E /* BaseViewController.swift in Sources */ = {isa = PBXBuildFile; fileRef = 469FA1DF1F76970C00E5B18E /* BaseViewController.swift */; };
		469FA1E51F76976E00E5B18E /* HKNError.swift in Sources */ = {isa = PBXBuildFile; fileRef = 469FA1E21F76976D00E5B18E /* HKNError.swift */; };
		469FA1E91F76A32A00E5B18E /* GoogleService-Info.plist in Resources */ = {isa = PBXBuildFile; fileRef = 469FA1E81F769C3A00E5B18E /* GoogleService-Info.plist */; };
		469FA1EB1F76AE5F00E5B18E /* CurrentNewsViewController.swift in Sources */ = {isa = PBXBuildFile; fileRef = 469FA1EA1F76AE5F00E5B18E /* CurrentNewsViewController.swift */; };
		46D760F31F77C0E300E13EC8 /* HtmlToAttributedString.swift in Sources */ = {isa = PBXBuildFile; fileRef = 46D760F21F77C0E300E13EC8 /* HtmlToAttributedString.swift */; };
		46D760F71F77C1A700E13EC8 /* CommentStruct.swift in Sources */ = {isa = PBXBuildFile; fileRef = 46D760F51F77C1A700E13EC8 /* CommentStruct.swift */; };
		46FF9A431F76EA860097CE67 /* FirebaseAuth.framework in Frameworks */ = {isa = PBXBuildFile; fileRef = 46FF9A421F76EA860097CE67 /* FirebaseAuth.framework */; };
		4DA0BA37CC330F877D831960 /* Pods_HackerNewsAppUITests.framework in Frameworks */ = {isa = PBXBuildFile; fileRef = 065FD60349B05C8B7EC28AC0 /* Pods_HackerNewsAppUITests.framework */; };
		95F964B6E4BA2AF76048F927 /* Pods_HackerNewsApp.framework in Frameworks */ = {isa = PBXBuildFile; fileRef = E638AB35D9B0429CABC66825 /* Pods_HackerNewsApp.framework */; };
		EC8F1088DB57D6818955901C /* Pods_HackerNewsAppTests.framework in Frameworks */ = {isa = PBXBuildFile; fileRef = 5F536D6A68B8B09D0231FDB3 /* Pods_HackerNewsAppTests.framework */; };
/* End PBXBuildFile section */

/* Begin PBXContainerItemProxy section */
		469FA1BB1F7683B700E5B18E /* PBXContainerItemProxy */ = {
			isa = PBXContainerItemProxy;
			containerPortal = 469FA19C1F7683B700E5B18E /* Project object */;
			proxyType = 1;
			remoteGlobalIDString = 469FA1A31F7683B700E5B18E;
			remoteInfo = HackerNewsApp;
		};
		469FA1C61F7683B800E5B18E /* PBXContainerItemProxy */ = {
			isa = PBXContainerItemProxy;
			containerPortal = 469FA19C1F7683B700E5B18E /* Project object */;
			proxyType = 1;
			remoteGlobalIDString = 469FA1A31F7683B700E5B18E;
			remoteInfo = HackerNewsApp;
		};
/* End PBXContainerItemProxy section */

/* Begin PBXFileReference section */
		065FD60349B05C8B7EC28AC0 /* Pods_HackerNewsAppUITests.framework */ = {isa = PBXFileReference; explicitFileType = wrapper.framework; includeInIndex = 0; path = Pods_HackerNewsAppUITests.framework; sourceTree = BUILT_PRODUCTS_DIR; };
		3D057703D70003F42D01A227 /* Pods-HackerNewsAppTests.release.xcconfig */ = {isa = PBXFileReference; includeInIndex = 1; lastKnownFileType = text.xcconfig; name = "Pods-HackerNewsAppTests.release.xcconfig"; path = "Pods/Target Support Files/Pods-HackerNewsAppTests/Pods-HackerNewsAppTests.release.xcconfig"; sourceTree = "<group>"; };
		46009D551F76F86200BDFEB6 /* FirebaseCore.framework */ = {isa = PBXFileReference; lastKnownFileType = wrapper.framework; name = FirebaseCore.framework; path = Carthage/Build/iOS/FirebaseCore.framework; sourceTree = "<group>"; };
		46009D581F77017700BDFEB6 /* StoryRealm.swift */ = {isa = PBXFileReference; fileEncoding = 4; lastKnownFileType = sourcecode.swift; path = StoryRealm.swift; sourceTree = "<group>"; };
		46009D5C1F77019E00BDFEB6 /* StoryStruct.swift */ = {isa = PBXFileReference; fileEncoding = 4; lastKnownFileType = sourcecode.swift; path = StoryStruct.swift; sourceTree = "<group>"; };
		46009D5E1F7765C600BDFEB6 /* NewsTableViewCell.swift */ = {isa = PBXFileReference; lastKnownFileType = sourcecode.swift; path = NewsTableViewCell.swift; sourceTree = "<group>"; };
		464DF8F01F779D6500197EF6 /* NewsDetailViewController.swift */ = {isa = PBXFileReference; lastKnownFileType = sourcecode.swift; path = NewsDetailViewController.swift; sourceTree = "<group>"; };
		464DF8F21F77B78E00197EF6 /* HackerNewsStoryComments.swift */ = {isa = PBXFileReference; fileEncoding = 4; lastKnownFileType = sourcecode.swift; path = HackerNewsStoryComments.swift; sourceTree = "<group>"; };
		464DF8F41F77BAFB00197EF6 /* CommentsTableViewCell.swift */ = {isa = PBXFileReference; lastKnownFileType = sourcecode.swift; path = CommentsTableViewCell.swift; sourceTree = "<group>"; };
		464DF8F61F77BF6D00197EF6 /* DateExtension.swift */ = {isa = PBXFileReference; lastKnownFileType = sourcecode.swift; path = DateExtension.swift; sourceTree = "<group>"; };
		4688C5D21F76D7D500FED012 /* GoogleSignIn.bundle */ = {isa = PBXFileReference; lastKnownFileType = "wrapper.plug-in"; name = GoogleSignIn.bundle; path = Pods/GoogleSignIn/Resources/GoogleSignIn.bundle; sourceTree = "<group>"; };
		4688C5D61F76D87000FED012 /* HackerNewsStories.swift */ = {isa = PBXFileReference; lastKnownFileType = sourcecode.swift; path = HackerNewsStories.swift; sourceTree = "<group>"; };
		469FA1A41F7683B700E5B18E /* HackerNewsApp.app */ = {isa = PBXFileReference; explicitFileType = wrapper.application; includeInIndex = 0; path = HackerNewsApp.app; sourceTree = BUILT_PRODUCTS_DIR; };
		469FA1A71F7683B700E5B18E /* AppDelegate.swift */ = {isa = PBXFileReference; lastKnownFileType = sourcecode.swift; path = AppDelegate.swift; sourceTree = "<group>"; };
		469FA1AE1F7683B700E5B18E /* Base */ = {isa = PBXFileReference; lastKnownFileType = file.storyboard; name = Base; path = Base.lproj/Main.storyboard; sourceTree = "<group>"; };
		469FA1B01F7683B700E5B18E /* Assets.xcassets */ = {isa = PBXFileReference; lastKnownFileType = folder.assetcatalog; path = Assets.xcassets; sourceTree = "<group>"; };
		469FA1B31F7683B700E5B18E /* Base */ = {isa = PBXFileReference; lastKnownFileType = file.storyboard; name = Base; path = Base.lproj/LaunchScreen.storyboard; sourceTree = "<group>"; };
		469FA1B51F7683B700E5B18E /* Info.plist */ = {isa = PBXFileReference; lastKnownFileType = text.plist.xml; path = Info.plist; sourceTree = "<group>"; };
		469FA1BA1F7683B700E5B18E /* HackerNewsAppTests.xctest */ = {isa = PBXFileReference; explicitFileType = wrapper.cfbundle; includeInIndex = 0; path = HackerNewsAppTests.xctest; sourceTree = BUILT_PRODUCTS_DIR; };
		469FA1BE1F7683B700E5B18E /* HackerNewsAppTests.swift */ = {isa = PBXFileReference; lastKnownFileType = sourcecode.swift; path = HackerNewsAppTests.swift; sourceTree = "<group>"; };
		469FA1C01F7683B700E5B18E /* Info.plist */ = {isa = PBXFileReference; lastKnownFileType = text.plist.xml; path = Info.plist; sourceTree = "<group>"; };
		469FA1C51F7683B800E5B18E /* HackerNewsAppUITests.xctest */ = {isa = PBXFileReference; explicitFileType = wrapper.cfbundle; includeInIndex = 0; path = HackerNewsAppUITests.xctest; sourceTree = BUILT_PRODUCTS_DIR; };
		469FA1C91F7683B800E5B18E /* HackerNewsAppUITests.swift */ = {isa = PBXFileReference; lastKnownFileType = sourcecode.swift; path = HackerNewsAppUITests.swift; sourceTree = "<group>"; };
		469FA1CB1F7683B800E5B18E /* Info.plist */ = {isa = PBXFileReference; lastKnownFileType = text.plist.xml; path = Info.plist; sourceTree = "<group>"; };
		469FA1DD1F7696FB00E5B18E /* LoginViewController.swift */ = {isa = PBXFileReference; lastKnownFileType = sourcecode.swift; path = LoginViewController.swift; sourceTree = "<group>"; };
		469FA1DF1F76970C00E5B18E /* BaseViewController.swift */ = {isa = PBXFileReference; lastKnownFileType = sourcecode.swift; path = BaseViewController.swift; sourceTree = "<group>"; };
		469FA1E21F76976D00E5B18E /* HKNError.swift */ = {isa = PBXFileReference; lastKnownFileType = sourcecode.swift; path = HKNError.swift; sourceTree = "<group>"; };
		469FA1E81F769C3A00E5B18E /* GoogleService-Info.plist */ = {isa = PBXFileReference; lastKnownFileType = text.plist.xml; path = "GoogleService-Info.plist"; sourceTree = "<group>"; };
		469FA1EA1F76AE5F00E5B18E /* CurrentNewsViewController.swift */ = {isa = PBXFileReference; lastKnownFileType = sourcecode.swift; path = CurrentNewsViewController.swift; sourceTree = "<group>"; };
		46D760F21F77C0E300E13EC8 /* HtmlToAttributedString.swift */ = {isa = PBXFileReference; lastKnownFileType = sourcecode.swift; path = HtmlToAttributedString.swift; sourceTree = "<group>"; };
		46D760F41F77C1A600E13EC8 /* CommentRealm.swift */ = {isa = PBXFileReference; fileEncoding = 4; lastKnownFileType = sourcecode.swift; path = CommentRealm.swift; sourceTree = "<group>"; };
		46D760F51F77C1A700E13EC8 /* CommentStruct.swift */ = {isa = PBXFileReference; fileEncoding = 4; lastKnownFileType = sourcecode.swift; path = CommentStruct.swift; sourceTree = "<group>"; };
		46FF9A421F76EA860097CE67 /* FirebaseAuth.framework */ = {isa = PBXFileReference; lastKnownFileType = wrapper.framework; name = FirebaseAuth.framework; path = Carthage/Build/iOS/FirebaseAuth.framework; sourceTree = "<group>"; };
		46FF9A441F76F3510097CE67 /* Cartfile */ = {isa = PBXFileReference; lastKnownFileType = text; path = Cartfile; sourceTree = "<group>"; };
		5F536D6A68B8B09D0231FDB3 /* Pods_HackerNewsAppTests.framework */ = {isa = PBXFileReference; explicitFileType = wrapper.framework; includeInIndex = 0; path = Pods_HackerNewsAppTests.framework; sourceTree = BUILT_PRODUCTS_DIR; };
		7FD125C2F80F60192A0E34A4 /* Pods-HackerNewsAppTests.debug.xcconfig */ = {isa = PBXFileReference; includeInIndex = 1; lastKnownFileType = text.xcconfig; name = "Pods-HackerNewsAppTests.debug.xcconfig"; path = "Pods/Target Support Files/Pods-HackerNewsAppTests/Pods-HackerNewsAppTests.debug.xcconfig"; sourceTree = "<group>"; };
		C4B3AC7719FDB8033B31DD4D /* Pods-HackerNewsAppUITests.debug.xcconfig */ = {isa = PBXFileReference; includeInIndex = 1; lastKnownFileType = text.xcconfig; name = "Pods-HackerNewsAppUITests.debug.xcconfig"; path = "Pods/Target Support Files/Pods-HackerNewsAppUITests/Pods-HackerNewsAppUITests.debug.xcconfig"; sourceTree = "<group>"; };
		C5D4DB119E4446935E5942C0 /* Pods-HackerNewsApp.debug.xcconfig */ = {isa = PBXFileReference; includeInIndex = 1; lastKnownFileType = text.xcconfig; name = "Pods-HackerNewsApp.debug.xcconfig"; path = "Pods/Target Support Files/Pods-HackerNewsApp/Pods-HackerNewsApp.debug.xcconfig"; sourceTree = "<group>"; };
		C730E7A64744B445DDE11CEE /* Pods-HackerNewsApp.release.xcconfig */ = {isa = PBXFileReference; includeInIndex = 1; lastKnownFileType = text.xcconfig; name = "Pods-HackerNewsApp.release.xcconfig"; path = "Pods/Target Support Files/Pods-HackerNewsApp/Pods-HackerNewsApp.release.xcconfig"; sourceTree = "<group>"; };
		D36B429D7534EE4628B87308 /* Pods-HackerNewsAppUITests.release.xcconfig */ = {isa = PBXFileReference; includeInIndex = 1; lastKnownFileType = text.xcconfig; name = "Pods-HackerNewsAppUITests.release.xcconfig"; path = "Pods/Target Support Files/Pods-HackerNewsAppUITests/Pods-HackerNewsAppUITests.release.xcconfig"; sourceTree = "<group>"; };
		E638AB35D9B0429CABC66825 /* Pods_HackerNewsApp.framework */ = {isa = PBXFileReference; explicitFileType = wrapper.framework; includeInIndex = 0; path = Pods_HackerNewsApp.framework; sourceTree = BUILT_PRODUCTS_DIR; };
/* End PBXFileReference section */

/* Begin PBXFrameworksBuildPhase section */
		469FA1A11F7683B700E5B18E /* Frameworks */ = {
			isa = PBXFrameworksBuildPhase;
			buildActionMask = 2147483647;
			files = (
				46009D561F76F86200BDFEB6 /* FirebaseCore.framework in Frameworks */,
				46FF9A431F76EA860097CE67 /* FirebaseAuth.framework in Frameworks */,
				95F964B6E4BA2AF76048F927 /* Pods_HackerNewsApp.framework in Frameworks */,
			);
			runOnlyForDeploymentPostprocessing = 0;
		};
		469FA1B71F7683B700E5B18E /* Frameworks */ = {
			isa = PBXFrameworksBuildPhase;
			buildActionMask = 2147483647;
			files = (
				EC8F1088DB57D6818955901C /* Pods_HackerNewsAppTests.framework in Frameworks */,
			);
			runOnlyForDeploymentPostprocessing = 0;
		};
		469FA1C21F7683B800E5B18E /* Frameworks */ = {
			isa = PBXFrameworksBuildPhase;
			buildActionMask = 2147483647;
			files = (
				4DA0BA37CC330F877D831960 /* Pods_HackerNewsAppUITests.framework in Frameworks */,
			);
			runOnlyForDeploymentPostprocessing = 0;
		};
/* End PBXFrameworksBuildPhase section */

/* Begin PBXGroup section */
		46009D571F77017700BDFEB6 /* Models */ = {
			isa = PBXGroup;
			children = (
				46009D5C1F77019E00BDFEB6 /* StoryStruct.swift */,
				46D760F51F77C1A700E13EC8 /* CommentStruct.swift */,
				46009D581F77017700BDFEB6 /* StoryRealm.swift */,
				46D760F41F77C1A600E13EC8 /* CommentRealm.swift */,
			);
			path = Models;
			sourceTree = "<group>";
		};
		46009D601F7765CB00BDFEB6 /* UITableView Cells */ = {
			isa = PBXGroup;
			children = (
				46009D5E1F7765C600BDFEB6 /* NewsTableViewCell.swift */,
				464DF8F41F77BAFB00197EF6 /* CommentsTableViewCell.swift */,
			);
			path = "UITableView Cells";
			sourceTree = "<group>";
		};
		464DF8F81F77BF7100197EF6 /* Generic Extensions */ = {
			isa = PBXGroup;
			children = (
				46D760F21F77C0E300E13EC8 /* HtmlToAttributedString.swift */,
				464DF8F61F77BF6D00197EF6 /* DateExtension.swift */,
			);
			path = "Generic Extensions";
			sourceTree = "<group>";
		};
		469FA19B1F7683B700E5B18E = {
			isa = PBXGroup;
			children = (
				46FF9A441F76F3510097CE67 /* Cartfile */,
				469FA1A61F7683B700E5B18E /* HackerNewsApp */,
				469FA1BD1F7683B700E5B18E /* HackerNewsAppTests */,
				469FA1C81F7683B800E5B18E /* HackerNewsAppUITests */,
				469FA1A51F7683B700E5B18E /* Products */,
				E16B1F9E8011B55D3DA3FF2D /* Pods */,
				923A29E0FD4C0788689F8838 /* Frameworks */,
			);
			sourceTree = "<group>";
		};
		469FA1A51F7683B700E5B18E /* Products */ = {
			isa = PBXGroup;
			children = (
				469FA1A41F7683B700E5B18E /* HackerNewsApp.app */,
				469FA1BA1F7683B700E5B18E /* HackerNewsAppTests.xctest */,
				469FA1C51F7683B800E5B18E /* HackerNewsAppUITests.xctest */,
			);
			name = Products;
			sourceTree = "<group>";
		};
		469FA1A61F7683B700E5B18E /* HackerNewsApp */ = {
			isa = PBXGroup;
			children = (
				46009D571F77017700BDFEB6 /* Models */,
				469FA1E71F76977500E5B18E /* Firebase Services */,
				469FA1E21F76976D00E5B18E /* HKNError.swift */,
				469FA1D71F76856400E5B18E /* Storyboards */,
				469FA1A71F7683B700E5B18E /* AppDelegate.swift */,
				469FA1D81F76857D00E5B18E /* Controllers */,
				469FA1B01F7683B700E5B18E /* Assets.xcassets */,
				469FA1B51F7683B700E5B18E /* Info.plist */,
				469FA1E81F769C3A00E5B18E /* GoogleService-Info.plist */,
				46009D601F7765CB00BDFEB6 /* UITableView Cells */,
				464DF8F81F77BF7100197EF6 /* Generic Extensions */,
			);
			path = HackerNewsApp;
			sourceTree = "<group>";
		};
		469FA1BD1F7683B700E5B18E /* HackerNewsAppTests */ = {
			isa = PBXGroup;
			children = (
				469FA1BE1F7683B700E5B18E /* HackerNewsAppTests.swift */,
				469FA1C01F7683B700E5B18E /* Info.plist */,
			);
			path = HackerNewsAppTests;
			sourceTree = "<group>";
		};
		469FA1C81F7683B800E5B18E /* HackerNewsAppUITests */ = {
			isa = PBXGroup;
			children = (
				469FA1C91F7683B800E5B18E /* HackerNewsAppUITests.swift */,
				469FA1CB1F7683B800E5B18E /* Info.plist */,
			);
			path = HackerNewsAppUITests;
			sourceTree = "<group>";
		};
		469FA1D71F76856400E5B18E /* Storyboards */ = {
			isa = PBXGroup;
			children = (
				469FA1AD1F7683B700E5B18E /* Main.storyboard */,
				469FA1B21F7683B700E5B18E /* LaunchScreen.storyboard */,
			);
			name = Storyboards;
			sourceTree = "<group>";
		};
		469FA1D81F76857D00E5B18E /* Controllers */ = {
			isa = PBXGroup;
			children = (
				469FA1DD1F7696FB00E5B18E /* LoginViewController.swift */,
				469FA1DF1F76970C00E5B18E /* BaseViewController.swift */,
				469FA1EA1F76AE5F00E5B18E /* CurrentNewsViewController.swift */,
				464DF8F01F779D6500197EF6 /* NewsDetailViewController.swift */,
			);
			path = Controllers;
			sourceTree = "<group>";
		};
		469FA1E71F76977500E5B18E /* Firebase Services */ = {
			isa = PBXGroup;
			children = (
				464DF8F21F77B78E00197EF6 /* HackerNewsStoryComments.swift */,
				4688C5D61F76D87000FED012 /* HackerNewsStories.swift */,
			);
			path = "Firebase Services";
			sourceTree = "<group>";
		};
		923A29E0FD4C0788689F8838 /* Frameworks */ = {
			isa = PBXGroup;
			children = (
				46009D551F76F86200BDFEB6 /* FirebaseCore.framework */,
				46FF9A421F76EA860097CE67 /* FirebaseAuth.framework */,
				4688C5D21F76D7D500FED012 /* GoogleSignIn.bundle */,
				E638AB35D9B0429CABC66825 /* Pods_HackerNewsApp.framework */,
				5F536D6A68B8B09D0231FDB3 /* Pods_HackerNewsAppTests.framework */,
				065FD60349B05C8B7EC28AC0 /* Pods_HackerNewsAppUITests.framework */,
			);
			name = Frameworks;
			sourceTree = "<group>";
		};
		E16B1F9E8011B55D3DA3FF2D /* Pods */ = {
			isa = PBXGroup;
			children = (
				C5D4DB119E4446935E5942C0 /* Pods-HackerNewsApp.debug.xcconfig */,
				C730E7A64744B445DDE11CEE /* Pods-HackerNewsApp.release.xcconfig */,
				7FD125C2F80F60192A0E34A4 /* Pods-HackerNewsAppTests.debug.xcconfig */,
				3D057703D70003F42D01A227 /* Pods-HackerNewsAppTests.release.xcconfig */,
				C4B3AC7719FDB8033B31DD4D /* Pods-HackerNewsAppUITests.debug.xcconfig */,
				D36B429D7534EE4628B87308 /* Pods-HackerNewsAppUITests.release.xcconfig */,
			);
			name = Pods;
			sourceTree = "<group>";
		};
/* End PBXGroup section */

/* Begin PBXNativeTarget section */
		469FA1A31F7683B700E5B18E /* HackerNewsApp */ = {
			isa = PBXNativeTarget;
			buildConfigurationList = 469FA1CE1F7683B800E5B18E /* Build configuration list for PBXNativeTarget "HackerNewsApp" */;
			buildPhases = (
				1F36002B3E98839ECB9DDEDB /* [CP] Check Pods Manifest.lock */,
				469FA1A01F7683B700E5B18E /* Sources */,
				469FA1A11F7683B700E5B18E /* Frameworks */,
				469FA1A21F7683B700E5B18E /* Resources */,
				D47C5C3D9591DFE88AC71308 /* [CP] Embed Pods Frameworks */,
				1781503F5B62BFB7704F3BBE /* [CP] Copy Pods Resources */,
				46FF9A411F76E85E0097CE67 /* Carthage */,
			);
			buildRules = (
			);
			dependencies = (
			);
			name = HackerNewsApp;
			productName = HackerNewsApp;
			productReference = 469FA1A41F7683B700E5B18E /* HackerNewsApp.app */;
			productType = "com.apple.product-type.application";
		};
		469FA1B91F7683B700E5B18E /* HackerNewsAppTests */ = {
			isa = PBXNativeTarget;
			buildConfigurationList = 469FA1D11F7683B800E5B18E /* Build configuration list for PBXNativeTarget "HackerNewsAppTests" */;
			buildPhases = (
				A6B52F4B1F13044F4DAABC7C /* [CP] Check Pods Manifest.lock */,
				469FA1B61F7683B700E5B18E /* Sources */,
				469FA1B71F7683B700E5B18E /* Frameworks */,
				469FA1B81F7683B700E5B18E /* Resources */,
				3B90D09946E0F0C062A23151 /* [CP] Embed Pods Frameworks */,
				CA45293B8A691B2A2D161F7E /* [CP] Copy Pods Resources */,
			);
			buildRules = (
			);
			dependencies = (
				469FA1BC1F7683B700E5B18E /* PBXTargetDependency */,
			);
			name = HackerNewsAppTests;
			productName = HackerNewsAppTests;
			productReference = 469FA1BA1F7683B700E5B18E /* HackerNewsAppTests.xctest */;
			productType = "com.apple.product-type.bundle.unit-test";
		};
		469FA1C41F7683B800E5B18E /* HackerNewsAppUITests */ = {
			isa = PBXNativeTarget;
			buildConfigurationList = 469FA1D41F7683B800E5B18E /* Build configuration list for PBXNativeTarget "HackerNewsAppUITests" */;
			buildPhases = (
				2BAC2D3F0F42F5D98EED0CBF /* [CP] Check Pods Manifest.lock */,
				469FA1C11F7683B800E5B18E /* Sources */,
				469FA1C21F7683B800E5B18E /* Frameworks */,
				469FA1C31F7683B800E5B18E /* Resources */,
				9D83EDF3DFB10AC995FAE925 /* [CP] Embed Pods Frameworks */,
				A016DA9E18A6F654F32EF692 /* [CP] Copy Pods Resources */,
			);
			buildRules = (
			);
			dependencies = (
				469FA1C71F7683B800E5B18E /* PBXTargetDependency */,
			);
			name = HackerNewsAppUITests;
			productName = HackerNewsAppUITests;
			productReference = 469FA1C51F7683B800E5B18E /* HackerNewsAppUITests.xctest */;
			productType = "com.apple.product-type.bundle.ui-testing";
		};
/* End PBXNativeTarget section */

/* Begin PBXProject section */
		469FA19C1F7683B700E5B18E /* Project object */ = {
			isa = PBXProject;
			attributes = {
				LastSwiftUpdateCheck = 0900;
				LastUpgradeCheck = 0900;
				ORGANIZATIONNAME = Vidhyadharan;
				TargetAttributes = {
					469FA1A31F7683B700E5B18E = {
						CreatedOnToolsVersion = 9.0;
						ProvisioningStyle = Automatic;
					};
					469FA1B91F7683B700E5B18E = {
						CreatedOnToolsVersion = 9.0;
						ProvisioningStyle = Automatic;
						TestTargetID = 469FA1A31F7683B700E5B18E;
					};
					469FA1C41F7683B800E5B18E = {
						CreatedOnToolsVersion = 9.0;
						ProvisioningStyle = Automatic;
						TestTargetID = 469FA1A31F7683B700E5B18E;
					};
				};
			};
			buildConfigurationList = 469FA19F1F7683B700E5B18E /* Build configuration list for PBXProject "HackerNewsApp" */;
			compatibilityVersion = "Xcode 8.0";
			developmentRegion = en;
			hasScannedForEncodings = 0;
			knownRegions = (
				en,
				Base,
			);
			mainGroup = 469FA19B1F7683B700E5B18E;
			productRefGroup = 469FA1A51F7683B700E5B18E /* Products */;
			projectDirPath = "";
			projectRoot = "";
			targets = (
				469FA1A31F7683B700E5B18E /* HackerNewsApp */,
				469FA1B91F7683B700E5B18E /* HackerNewsAppTests */,
				469FA1C41F7683B800E5B18E /* HackerNewsAppUITests */,
			);
		};
/* End PBXProject section */

/* Begin PBXResourcesBuildPhase section */
		469FA1A21F7683B700E5B18E /* Resources */ = {
			isa = PBXResourcesBuildPhase;
			buildActionMask = 2147483647;
			files = (
				469FA1B41F7683B700E5B18E /* LaunchScreen.storyboard in Resources */,
				469FA1E91F76A32A00E5B18E /* GoogleService-Info.plist in Resources */,
				469FA1B11F7683B700E5B18E /* Assets.xcassets in Resources */,
				469FA1AF1F7683B700E5B18E /* Main.storyboard in Resources */,
				4688C5D31F76D7E700FED012 /* GoogleSignIn.bundle in Resources */,
			);
			runOnlyForDeploymentPostprocessing = 0;
		};
		469FA1B81F7683B700E5B18E /* Resources */ = {
			isa = PBXResourcesBuildPhase;
			buildActionMask = 2147483647;
			files = (
			);
			runOnlyForDeploymentPostprocessing = 0;
		};
		469FA1C31F7683B800E5B18E /* Resources */ = {
			isa = PBXResourcesBuildPhase;
			buildActionMask = 2147483647;
			files = (
			);
			runOnlyForDeploymentPostprocessing = 0;
		};
/* End PBXResourcesBuildPhase section */

/* Begin PBXShellScriptBuildPhase section */
		1781503F5B62BFB7704F3BBE /* [CP] Copy Pods Resources */ = {
			isa = PBXShellScriptBuildPhase;
			buildActionMask = 2147483647;
			files = (
			);
			inputPaths = (
				"${SRCROOT}/Pods/Target Support Files/Pods-HackerNewsApp/Pods-HackerNewsApp-resources.sh",
				"${PODS_ROOT}/GoogleSignIn/Resources/GoogleSignIn.bundle",
			);
			name = "[CP] Copy Pods Resources";
			outputPaths = (
				"${TARGET_BUILD_DIR}/${UNLOCALIZED_RESOURCES_FOLDER_PATH}",
			);
			runOnlyForDeploymentPostprocessing = 0;
			shellPath = /bin/sh;
			shellScript = "\"${SRCROOT}/Pods/Target Support Files/Pods-HackerNewsApp/Pods-HackerNewsApp-resources.sh\"\n";
			showEnvVarsInLog = 0;
		};
		1F36002B3E98839ECB9DDEDB /* [CP] Check Pods Manifest.lock */ = {
			isa = PBXShellScriptBuildPhase;
			buildActionMask = 2147483647;
			files = (
			);
			inputPaths = (
				"${PODS_PODFILE_DIR_PATH}/Podfile.lock",
				"${PODS_ROOT}/Manifest.lock",
			);
			name = "[CP] Check Pods Manifest.lock";
			outputPaths = (
				"$(DERIVED_FILE_DIR)/Pods-HackerNewsApp-checkManifestLockResult.txt",
			);
			runOnlyForDeploymentPostprocessing = 0;
			shellPath = /bin/sh;
			shellScript = "diff \"${PODS_PODFILE_DIR_PATH}/Podfile.lock\" \"${PODS_ROOT}/Manifest.lock\" > /dev/null\nif [ $? != 0 ] ; then\n    # print error to STDERR\n    echo \"error: The sandbox is not in sync with the Podfile.lock. Run 'pod install' or update your CocoaPods installation.\" >&2\n    exit 1\nfi\n# This output is used by Xcode 'outputs' to avoid re-running this script phase.\necho \"SUCCESS\" > \"${SCRIPT_OUTPUT_FILE_0}\"\n";
			showEnvVarsInLog = 0;
		};
		2BAC2D3F0F42F5D98EED0CBF /* [CP] Check Pods Manifest.lock */ = {
			isa = PBXShellScriptBuildPhase;
			buildActionMask = 2147483647;
			files = (
			);
			inputPaths = (
				"${PODS_PODFILE_DIR_PATH}/Podfile.lock",
				"${PODS_ROOT}/Manifest.lock",
			);
			name = "[CP] Check Pods Manifest.lock";
			outputPaths = (
				"$(DERIVED_FILE_DIR)/Pods-HackerNewsAppUITests-checkManifestLockResult.txt",
			);
			runOnlyForDeploymentPostprocessing = 0;
			shellPath = /bin/sh;
			shellScript = "diff \"${PODS_PODFILE_DIR_PATH}/Podfile.lock\" \"${PODS_ROOT}/Manifest.lock\" > /dev/null\nif [ $? != 0 ] ; then\n    # print error to STDERR\n    echo \"error: The sandbox is not in sync with the Podfile.lock. Run 'pod install' or update your CocoaPods installation.\" >&2\n    exit 1\nfi\n# This output is used by Xcode 'outputs' to avoid re-running this script phase.\necho \"SUCCESS\" > \"${SCRIPT_OUTPUT_FILE_0}\"\n";
			showEnvVarsInLog = 0;
		};
		3B90D09946E0F0C062A23151 /* [CP] Embed Pods Frameworks */ = {
			isa = PBXShellScriptBuildPhase;
			buildActionMask = 2147483647;
			files = (
			);
			inputPaths = (
			);
			name = "[CP] Embed Pods Frameworks";
			outputPaths = (
			);
			runOnlyForDeploymentPostprocessing = 0;
			shellPath = /bin/sh;
			shellScript = "\"${SRCROOT}/Pods/Target Support Files/Pods-HackerNewsAppTests/Pods-HackerNewsAppTests-frameworks.sh\"\n";
			showEnvVarsInLog = 0;
		};
		46FF9A411F76E85E0097CE67 /* Carthage */ = {
			isa = PBXShellScriptBuildPhase;
			buildActionMask = 2147483647;
			files = (
			);
			inputPaths = (
				"$(SRCROOT)/Carthage/Build/iOS/FirebaseAuth.framework",
				"$(SRCROOT)/Carthage/Build/iOS/FirebaseCore.framework",
			);
			name = Carthage;
			outputPaths = (
			);
			runOnlyForDeploymentPostprocessing = 0;
			shellPath = /bin/sh;
			shellScript = "/usr/local/bin/carthage copy-frameworks";
		};
		9D83EDF3DFB10AC995FAE925 /* [CP] Embed Pods Frameworks */ = {
			isa = PBXShellScriptBuildPhase;
			buildActionMask = 2147483647;
			files = (
			);
			inputPaths = (
			);
			name = "[CP] Embed Pods Frameworks";
			outputPaths = (
			);
			runOnlyForDeploymentPostprocessing = 0;
			shellPath = /bin/sh;
			shellScript = "\"${SRCROOT}/Pods/Target Support Files/Pods-HackerNewsAppUITests/Pods-HackerNewsAppUITests-frameworks.sh\"\n";
			showEnvVarsInLog = 0;
		};
		A016DA9E18A6F654F32EF692 /* [CP] Copy Pods Resources */ = {
			isa = PBXShellScriptBuildPhase;
			buildActionMask = 2147483647;
			files = (
			);
			inputPaths = (
			);
			name = "[CP] Copy Pods Resources";
			outputPaths = (
			);
			runOnlyForDeploymentPostprocessing = 0;
			shellPath = /bin/sh;
			shellScript = "\"${SRCROOT}/Pods/Target Support Files/Pods-HackerNewsAppUITests/Pods-HackerNewsAppUITests-resources.sh\"\n";
			showEnvVarsInLog = 0;
		};
		A6B52F4B1F13044F4DAABC7C /* [CP] Check Pods Manifest.lock */ = {
			isa = PBXShellScriptBuildPhase;
			buildActionMask = 2147483647;
			files = (
			);
			inputPaths = (
				"${PODS_PODFILE_DIR_PATH}/Podfile.lock",
				"${PODS_ROOT}/Manifest.lock",
			);
			name = "[CP] Check Pods Manifest.lock";
			outputPaths = (
				"$(DERIVED_FILE_DIR)/Pods-HackerNewsAppTests-checkManifestLockResult.txt",
			);
			runOnlyForDeploymentPostprocessing = 0;
			shellPath = /bin/sh;
			shellScript = "diff \"${PODS_PODFILE_DIR_PATH}/Podfile.lock\" \"${PODS_ROOT}/Manifest.lock\" > /dev/null\nif [ $? != 0 ] ; then\n    # print error to STDERR\n    echo \"error: The sandbox is not in sync with the Podfile.lock. Run 'pod install' or update your CocoaPods installation.\" >&2\n    exit 1\nfi\n# This output is used by Xcode 'outputs' to avoid re-running this script phase.\necho \"SUCCESS\" > \"${SCRIPT_OUTPUT_FILE_0}\"\n";
			showEnvVarsInLog = 0;
		};
		CA45293B8A691B2A2D161F7E /* [CP] Copy Pods Resources */ = {
			isa = PBXShellScriptBuildPhase;
			buildActionMask = 2147483647;
			files = (
			);
			inputPaths = (
			);
			name = "[CP] Copy Pods Resources";
			outputPaths = (
			);
			runOnlyForDeploymentPostprocessing = 0;
			shellPath = /bin/sh;
			shellScript = "\"${SRCROOT}/Pods/Target Support Files/Pods-HackerNewsAppTests/Pods-HackerNewsAppTests-resources.sh\"\n";
			showEnvVarsInLog = 0;
		};
		D47C5C3D9591DFE88AC71308 /* [CP] Embed Pods Frameworks */ = {
			isa = PBXShellScriptBuildPhase;
			buildActionMask = 2147483647;
			files = (
			);
			inputPaths = (
				"${SRCROOT}/Pods/Target Support Files/Pods-HackerNewsApp/Pods-HackerNewsApp-frameworks.sh",
				"${BUILT_PRODUCTS_DIR}/Firebase/Firebase.framework",
				"${BUILT_PRODUCTS_DIR}/GTMOAuth2/GTMOAuth2.framework",
				"${BUILT_PRODUCTS_DIR}/GTMSessionFetcher/GTMSessionFetcher.framework",
				"${BUILT_PRODUCTS_DIR}/GoogleToolboxForMac/GoogleToolboxForMac.framework",
				"${BUILT_PRODUCTS_DIR}/Hero/Hero.framework",
				"${BUILT_PRODUCTS_DIR}/Realm/Realm.framework",
				"${BUILT_PRODUCTS_DIR}/RealmSwift/RealmSwift.framework",
				"${BUILT_PRODUCTS_DIR}/Spring/Spring.framework",
				"${BUILT_PRODUCTS_DIR}/SwiftDate/SwiftDate.framework",
			);
			name = "[CP] Embed Pods Frameworks";
			outputPaths = (
				"${TARGET_BUILD_DIR}/${FRAMEWORKS_FOLDER_PATH}/Firebase.framework",
				"${TARGET_BUILD_DIR}/${FRAMEWORKS_FOLDER_PATH}/GTMOAuth2.framework",
				"${TARGET_BUILD_DIR}/${FRAMEWORKS_FOLDER_PATH}/GTMSessionFetcher.framework",
				"${TARGET_BUILD_DIR}/${FRAMEWORKS_FOLDER_PATH}/GoogleToolboxForMac.framework",
				"${TARGET_BUILD_DIR}/${FRAMEWORKS_FOLDER_PATH}/Hero.framework",
				"${TARGET_BUILD_DIR}/${FRAMEWORKS_FOLDER_PATH}/Realm.framework",
				"${TARGET_BUILD_DIR}/${FRAMEWORKS_FOLDER_PATH}/RealmSwift.framework",
				"${TARGET_BUILD_DIR}/${FRAMEWORKS_FOLDER_PATH}/Spring.framework",
				"${TARGET_BUILD_DIR}/${FRAMEWORKS_FOLDER_PATH}/SwiftDate.framework",
			);
			runOnlyForDeploymentPostprocessing = 0;
			shellPath = /bin/sh;
			shellScript = "\"${SRCROOT}/Pods/Target Support Files/Pods-HackerNewsApp/Pods-HackerNewsApp-frameworks.sh\"\n";
			showEnvVarsInLog = 0;
		};
/* End PBXShellScriptBuildPhase section */

/* Begin PBXSourcesBuildPhase section */
		469FA1A01F7683B700E5B18E /* Sources */ = {
			isa = PBXSourcesBuildPhase;
			buildActionMask = 2147483647;
			files = (
				469FA1E01F76970C00E5B18E /* BaseViewController.swift in Sources */,
				46D760F71F77C1A700E13EC8 /* CommentStruct.swift in Sources */,
				464DF8F71F77BF6D00197EF6 /* DateExtension.swift in Sources */,
				469FA1DE1F7696FB00E5B18E /* LoginViewController.swift in Sources */,
				46D760F31F77C0E300E13EC8 /* HtmlToAttributedString.swift in Sources */,
				464DF8F31F77B78F00197EF6 /* HackerNewsStoryComments.swift in Sources */,
				46009D5F1F7765C600BDFEB6 /* NewsTableViewCell.swift in Sources */,
				469FA1E51F76976E00E5B18E /* HKNError.swift in Sources */,
				4688C5D71F76D87000FED012 /* HackerNewsStories.swift in Sources */,
				469FA1EB1F76AE5F00E5B18E /* CurrentNewsViewController.swift in Sources */,
				464DF8F11F779D6500197EF6 /* NewsDetailViewController.swift in Sources */,
				469FA1A81F7683B700E5B18E /* AppDelegate.swift in Sources */,
				46009D5D1F77019E00BDFEB6 /* StoryStruct.swift in Sources */,
				464DF8F51F77BAFB00197EF6 /* CommentsTableViewCell.swift in Sources */,
			);
			runOnlyForDeploymentPostprocessing = 0;
		};
		469FA1B61F7683B700E5B18E /* Sources */ = {
			isa = PBXSourcesBuildPhase;
			buildActionMask = 2147483647;
			files = (
				469FA1BF1F7683B700E5B18E /* HackerNewsAppTests.swift in Sources */,
			);
			runOnlyForDeploymentPostprocessing = 0;
		};
		469FA1C11F7683B800E5B18E /* Sources */ = {
			isa = PBXSourcesBuildPhase;
			buildActionMask = 2147483647;
			files = (
				469FA1CA1F7683B800E5B18E /* HackerNewsAppUITests.swift in Sources */,
			);
			runOnlyForDeploymentPostprocessing = 0;
		};
/* End PBXSourcesBuildPhase section */

/* Begin PBXTargetDependency section */
		469FA1BC1F7683B700E5B18E /* PBXTargetDependency */ = {
			isa = PBXTargetDependency;
			target = 469FA1A31F7683B700E5B18E /* HackerNewsApp */;
			targetProxy = 469FA1BB1F7683B700E5B18E /* PBXContainerItemProxy */;
		};
		469FA1C71F7683B800E5B18E /* PBXTargetDependency */ = {
			isa = PBXTargetDependency;
			target = 469FA1A31F7683B700E5B18E /* HackerNewsApp */;
			targetProxy = 469FA1C61F7683B800E5B18E /* PBXContainerItemProxy */;
		};
/* End PBXTargetDependency section */

/* Begin PBXVariantGroup section */
		469FA1AD1F7683B700E5B18E /* Main.storyboard */ = {
			isa = PBXVariantGroup;
			children = (
				469FA1AE1F7683B700E5B18E /* Base */,
			);
			name = Main.storyboard;
			sourceTree = "<group>";
		};
		469FA1B21F7683B700E5B18E /* LaunchScreen.storyboard */ = {
			isa = PBXVariantGroup;
			children = (
				469FA1B31F7683B700E5B18E /* Base */,
			);
			name = LaunchScreen.storyboard;
			sourceTree = "<group>";
		};
/* End PBXVariantGroup section */

/* Begin XCBuildConfiguration section */
		469FA1CC1F7683B800E5B18E /* Debug */ = {
			isa = XCBuildConfiguration;
			buildSettings = {
				ALWAYS_SEARCH_USER_PATHS = NO;
				CLANG_ANALYZER_NONNULL = YES;
				CLANG_ANALYZER_NUMBER_OBJECT_CONVERSION = YES_AGGRESSIVE;
				CLANG_CXX_LANGUAGE_STANDARD = "gnu++14";
				CLANG_CXX_LIBRARY = "libc++";
				CLANG_ENABLE_MODULES = YES;
				CLANG_ENABLE_OBJC_ARC = YES;
				CLANG_WARN_BLOCK_CAPTURE_AUTORELEASING = YES;
				CLANG_WARN_BOOL_CONVERSION = YES;
				CLANG_WARN_COMMA = YES;
				CLANG_WARN_CONSTANT_CONVERSION = YES;
				CLANG_WARN_DIRECT_OBJC_ISA_USAGE = YES_ERROR;
				CLANG_WARN_DOCUMENTATION_COMMENTS = YES;
				CLANG_WARN_EMPTY_BODY = YES;
				CLANG_WARN_ENUM_CONVERSION = YES;
				CLANG_WARN_INFINITE_RECURSION = YES;
				CLANG_WARN_INT_CONVERSION = YES;
				CLANG_WARN_NON_LITERAL_NULL_CONVERSION = YES;
				CLANG_WARN_OBJC_LITERAL_CONVERSION = YES;
				CLANG_WARN_OBJC_ROOT_CLASS = YES_ERROR;
				CLANG_WARN_RANGE_LOOP_ANALYSIS = YES;
				CLANG_WARN_STRICT_PROTOTYPES = YES;
				CLANG_WARN_SUSPICIOUS_MOVE = YES;
				CLANG_WARN_UNGUARDED_AVAILABILITY = YES_AGGRESSIVE;
				CLANG_WARN_UNREACHABLE_CODE = YES;
				CLANG_WARN__DUPLICATE_METHOD_MATCH = YES;
				CODE_SIGN_IDENTITY = "iPhone Developer";
				COPY_PHASE_STRIP = NO;
				DEBUG_INFORMATION_FORMAT = dwarf;
				ENABLE_STRICT_OBJC_MSGSEND = YES;
				ENABLE_TESTABILITY = YES;
				GCC_C_LANGUAGE_STANDARD = gnu11;
				GCC_DYNAMIC_NO_PIC = NO;
				GCC_NO_COMMON_BLOCKS = YES;
				GCC_OPTIMIZATION_LEVEL = 0;
				GCC_PREPROCESSOR_DEFINITIONS = (
					"DEBUG=1",
					"$(inherited)",
				);
				GCC_WARN_64_TO_32_BIT_CONVERSION = YES;
				GCC_WARN_ABOUT_RETURN_TYPE = YES_ERROR;
				GCC_WARN_UNDECLARED_SELECTOR = YES;
				GCC_WARN_UNINITIALIZED_AUTOS = YES_AGGRESSIVE;
				GCC_WARN_UNUSED_FUNCTION = YES;
				GCC_WARN_UNUSED_VARIABLE = YES;
				IPHONEOS_DEPLOYMENT_TARGET = 11.0;
				MTL_ENABLE_DEBUG_INFO = YES;
				ONLY_ACTIVE_ARCH = YES;
				SDKROOT = iphoneos;
				SWIFT_ACTIVE_COMPILATION_CONDITIONS = DEBUG;
				SWIFT_OPTIMIZATION_LEVEL = "-Onone";
			};
			name = Debug;
		};
		469FA1CD1F7683B800E5B18E /* Release */ = {
			isa = XCBuildConfiguration;
			buildSettings = {
				ALWAYS_SEARCH_USER_PATHS = NO;
				CLANG_ANALYZER_NONNULL = YES;
				CLANG_ANALYZER_NUMBER_OBJECT_CONVERSION = YES_AGGRESSIVE;
				CLANG_CXX_LANGUAGE_STANDARD = "gnu++14";
				CLANG_CXX_LIBRARY = "libc++";
				CLANG_ENABLE_MODULES = YES;
				CLANG_ENABLE_OBJC_ARC = YES;
				CLANG_WARN_BLOCK_CAPTURE_AUTORELEASING = YES;
				CLANG_WARN_BOOL_CONVERSION = YES;
				CLANG_WARN_COMMA = YES;
				CLANG_WARN_CONSTANT_CONVERSION = YES;
				CLANG_WARN_DIRECT_OBJC_ISA_USAGE = YES_ERROR;
				CLANG_WARN_DOCUMENTATION_COMMENTS = YES;
				CLANG_WARN_EMPTY_BODY = YES;
				CLANG_WARN_ENUM_CONVERSION = YES;
				CLANG_WARN_INFINITE_RECURSION = YES;
				CLANG_WARN_INT_CONVERSION = YES;
				CLANG_WARN_NON_LITERAL_NULL_CONVERSION = YES;
				CLANG_WARN_OBJC_LITERAL_CONVERSION = YES;
				CLANG_WARN_OBJC_ROOT_CLASS = YES_ERROR;
				CLANG_WARN_RANGE_LOOP_ANALYSIS = YES;
				CLANG_WARN_STRICT_PROTOTYPES = YES;
				CLANG_WARN_SUSPICIOUS_MOVE = YES;
				CLANG_WARN_UNGUARDED_AVAILABILITY = YES_AGGRESSIVE;
				CLANG_WARN_UNREACHABLE_CODE = YES;
				CLANG_WARN__DUPLICATE_METHOD_MATCH = YES;
				CODE_SIGN_IDENTITY = "iPhone Developer";
				COPY_PHASE_STRIP = NO;
				DEBUG_INFORMATION_FORMAT = "dwarf-with-dsym";
				ENABLE_NS_ASSERTIONS = NO;
				ENABLE_STRICT_OBJC_MSGSEND = YES;
				GCC_C_LANGUAGE_STANDARD = gnu11;
				GCC_NO_COMMON_BLOCKS = YES;
				GCC_WARN_64_TO_32_BIT_CONVERSION = YES;
				GCC_WARN_ABOUT_RETURN_TYPE = YES_ERROR;
				GCC_WARN_UNDECLARED_SELECTOR = YES;
				GCC_WARN_UNINITIALIZED_AUTOS = YES_AGGRESSIVE;
				GCC_WARN_UNUSED_FUNCTION = YES;
				GCC_WARN_UNUSED_VARIABLE = YES;
				IPHONEOS_DEPLOYMENT_TARGET = 11.0;
				MTL_ENABLE_DEBUG_INFO = NO;
				SDKROOT = iphoneos;
				SWIFT_OPTIMIZATION_LEVEL = "-Owholemodule";
				VALIDATE_PRODUCT = YES;
			};
			name = Release;
		};
		469FA1CF1F7683B800E5B18E /* Debug */ = {
			isa = XCBuildConfiguration;
			baseConfigurationReference = C5D4DB119E4446935E5942C0 /* Pods-HackerNewsApp.debug.xcconfig */;
			buildSettings = {
				ASSETCATALOG_COMPILER_APPICON_NAME = AppIcon;
				CODE_SIGN_STYLE = Automatic;
				DEVELOPMENT_TEAM = WLNG5C7UJQ;
				FRAMEWORK_SEARCH_PATHS = (
					"$(inherited)",
					"$(PROJECT_DIR)/Carthage/Build/iOS",
				);
				INFOPLIST_FILE = HackerNewsApp/Info.plist;
				LD_RUNPATH_SEARCH_PATHS = "$(inherited) @executable_path/Frameworks";
				PRODUCT_BUNDLE_IDENTIFIER = Vidhyadharan.HackerNewsApp;
				PRODUCT_NAME = "$(TARGET_NAME)";
				SWIFT_VERSION = 4.0;
				TARGETED_DEVICE_FAMILY = "1,2";
			};
			name = Debug;
		};
		469FA1D01F7683B800E5B18E /* Release */ = {
			isa = XCBuildConfiguration;
			baseConfigurationReference = C730E7A64744B445DDE11CEE /* Pods-HackerNewsApp.release.xcconfig */;
			buildSettings = {
				ASSETCATALOG_COMPILER_APPICON_NAME = AppIcon;
				CODE_SIGN_STYLE = Automatic;
				DEVELOPMENT_TEAM = WLNG5C7UJQ;
				FRAMEWORK_SEARCH_PATHS = (
					"$(inherited)",
					"$(PROJECT_DIR)/Carthage/Build/iOS",
				);
				INFOPLIST_FILE = HackerNewsApp/Info.plist;
				LD_RUNPATH_SEARCH_PATHS = "$(inherited) @executable_path/Frameworks";
				PRODUCT_BUNDLE_IDENTIFIER = Vidhyadharan.HackerNewsApp;
				PRODUCT_NAME = "$(TARGET_NAME)";
				SWIFT_VERSION = 4.0;
				TARGETED_DEVICE_FAMILY = "1,2";
			};
			name = Release;
		};
		469FA1D21F7683B800E5B18E /* Debug */ = {
			isa = XCBuildConfiguration;
			baseConfigurationReference = 7FD125C2F80F60192A0E34A4 /* Pods-HackerNewsAppTests.debug.xcconfig */;
			buildSettings = {
				ALWAYS_EMBED_SWIFT_STANDARD_LIBRARIES = YES;
				BUNDLE_LOADER = "$(TEST_HOST)";
				CODE_SIGN_STYLE = Automatic;
				DEVELOPMENT_TEAM = WLNG5C7UJQ;
				INFOPLIST_FILE = HackerNewsAppTests/Info.plist;
				LD_RUNPATH_SEARCH_PATHS = "$(inherited) @executable_path/Frameworks @loader_path/Frameworks";
				PRODUCT_BUNDLE_IDENTIFIER = Vidhyadharan.HackerNewsAppTests;
				PRODUCT_NAME = "$(TARGET_NAME)";
				SWIFT_VERSION = 4.0;
				TARGETED_DEVICE_FAMILY = "1,2";
				TEST_HOST = "$(BUILT_PRODUCTS_DIR)/HackerNewsApp.app/HackerNewsApp";
			};
			name = Debug;
		};
		469FA1D31F7683B800E5B18E /* Release */ = {
			isa = XCBuildConfiguration;
			baseConfigurationReference = 3D057703D70003F42D01A227 /* Pods-HackerNewsAppTests.release.xcconfig */;
			buildSettings = {
				ALWAYS_EMBED_SWIFT_STANDARD_LIBRARIES = YES;
				BUNDLE_LOADER = "$(TEST_HOST)";
				CODE_SIGN_STYLE = Automatic;
				DEVELOPMENT_TEAM = WLNG5C7UJQ;
				INFOPLIST_FILE = HackerNewsAppTests/Info.plist;
				LD_RUNPATH_SEARCH_PATHS = "$(inherited) @executable_path/Frameworks @loader_path/Frameworks";
				PRODUCT_BUNDLE_IDENTIFIER = Vidhyadharan.HackerNewsAppTests;
				PRODUCT_NAME = "$(TARGET_NAME)";
				SWIFT_VERSION = 4.0;
				TARGETED_DEVICE_FAMILY = "1,2";
				TEST_HOST = "$(BUILT_PRODUCTS_DIR)/HackerNewsApp.app/HackerNewsApp";
			};
			name = Release;
		};
		469FA1D51F7683B800E5B18E /* Debug */ = {
			isa = XCBuildConfiguration;
			baseConfigurationReference = C4B3AC7719FDB8033B31DD4D /* Pods-HackerNewsAppUITests.debug.xcconfig */;
			buildSettings = {
				ALWAYS_EMBED_SWIFT_STANDARD_LIBRARIES = YES;
				CODE_SIGN_STYLE = Automatic;
				DEVELOPMENT_TEAM = WLNG5C7UJQ;
				INFOPLIST_FILE = HackerNewsAppUITests/Info.plist;
				LD_RUNPATH_SEARCH_PATHS = "$(inherited) @executable_path/Frameworks @loader_path/Frameworks";
				PRODUCT_BUNDLE_IDENTIFIER = Vidhyadharan.HackerNewsAppUITests;
				PRODUCT_NAME = "$(TARGET_NAME)";
				SWIFT_VERSION = 4.0;
				TARGETED_DEVICE_FAMILY = "1,2";
				TEST_TARGET_NAME = HackerNewsApp;
			};
			name = Debug;
		};
		469FA1D61F7683B800E5B18E /* Release */ = {
			isa = XCBuildConfiguration;
			baseConfigurationReference = D36B429D7534EE4628B87308 /* Pods-HackerNewsAppUITests.release.xcconfig */;
			buildSettings = {
				ALWAYS_EMBED_SWIFT_STANDARD_LIBRARIES = YES;
				CODE_SIGN_STYLE = Automatic;
				DEVELOPMENT_TEAM = WLNG5C7UJQ;
				INFOPLIST_FILE = HackerNewsAppUITests/Info.plist;
				LD_RUNPATH_SEARCH_PATHS = "$(inherited) @executable_path/Frameworks @loader_path/Frameworks";
				PRODUCT_BUNDLE_IDENTIFIER = Vidhyadharan.HackerNewsAppUITests;
				PRODUCT_NAME = "$(TARGET_NAME)";
				SWIFT_VERSION = 4.0;
				TARGETED_DEVICE_FAMILY = "1,2";
				TEST_TARGET_NAME = HackerNewsApp;
			};
			name = Release;
		};
/* End XCBuildConfiguration section */

/* Begin XCConfigurationList section */
		469FA19F1F7683B700E5B18E /* Build configuration list for PBXProject "HackerNewsApp" */ = {
			isa = XCConfigurationList;
			buildConfigurations = (
				469FA1CC1F7683B800E5B18E /* Debug */,
				469FA1CD1F7683B800E5B18E /* Release */,
			);
			defaultConfigurationIsVisible = 0;
			defaultConfigurationName = Release;
		};
		469FA1CE1F7683B800E5B18E /* Build configuration list for PBXNativeTarget "HackerNewsApp" */ = {
			isa = XCConfigurationList;
			buildConfigurations = (
				469FA1CF1F7683B800E5B18E /* Debug */,
				469FA1D01F7683B800E5B18E /* Release */,
			);
			defaultConfigurationIsVisible = 0;
			defaultConfigurationName = Release;
		};
		469FA1D11F7683B800E5B18E /* Build configuration list for PBXNativeTarget "HackerNewsAppTests" */ = {
			isa = XCConfigurationList;
			buildConfigurations = (
				469FA1D21F7683B800E5B18E /* Debug */,
				469FA1D31F7683B800E5B18E /* Release */,
			);
			defaultConfigurationIsVisible = 0;
			defaultConfigurationName = Release;
		};
		469FA1D41F7683B800E5B18E /* Build configuration list for PBXNativeTarget "HackerNewsAppUITests" */ = {
			isa = XCConfigurationList;
			buildConfigurations = (
				469FA1D51F7683B800E5B18E /* Debug */,
				469FA1D61F7683B800E5B18E /* Release */,
			);
			defaultConfigurationIsVisible = 0;
			defaultConfigurationName = Release;
		};
/* End XCConfigurationList section */
	};
	rootObject = 469FA19C1F7683B700E5B18E /* Project object */;
}
